// !$*UTF8*$!
{
	archiveVersion = 1;
	classes = {
	};
	objectVersion = 46;
	objects = {

/* Begin PBXBuildFile section */
		AFD056AD18B17EC600AF7058 /* Foundation.framework in Frameworks */ = {isa = PBXBuildFile; fileRef = AFD056AC18B17EC600AF7058 /* Foundation.framework */; };
		AFD056AF18B17EC600AF7058 /* CoreGraphics.framework in Frameworks */ = {isa = PBXBuildFile; fileRef = AFD056AE18B17EC600AF7058 /* CoreGraphics.framework */; };
		AFD056B118B17EC600AF7058 /* UIKit.framework in Frameworks */ = {isa = PBXBuildFile; fileRef = AFD056B018B17EC600AF7058 /* UIKit.framework */; };
		AFD056B718B17EC600AF7058 /* InfoPlist.strings in Resources */ = {isa = PBXBuildFile; fileRef = AFD056B518B17EC600AF7058 /* InfoPlist.strings */; };
		AFD056B918B17EC600AF7058 /* main.m in Sources */ = {isa = PBXBuildFile; fileRef = AFD056B818B17EC600AF7058 /* main.m */; };
		AFD056BD18B17EC600AF7058 /* LAHAppDelegate.m in Sources */ = {isa = PBXBuildFile; fileRef = AFD056BC18B17EC600AF7058 /* LAHAppDelegate.m */; };
		AFD056C018B17EC600AF7058 /* Main.storyboard in Resources */ = {isa = PBXBuildFile; fileRef = AFD056BE18B17EC600AF7058 /* Main.storyboard */; };
		AFD056C318B17EC600AF7058 /* LAHViewController.m in Sources */ = {isa = PBXBuildFile; fileRef = AFD056C218B17EC600AF7058 /* LAHViewController.m */; };
		AFD056C518B17EC600AF7058 /* Images.xcassets in Resources */ = {isa = PBXBuildFile; fileRef = AFD056C418B17EC600AF7058 /* Images.xcassets */; };
		AFD056CC18B17EC600AF7058 /* XCTest.framework in Frameworks */ = {isa = PBXBuildFile; fileRef = AFD056CB18B17EC600AF7058 /* XCTest.framework */; };
		AFD056CD18B17EC600AF7058 /* Foundation.framework in Frameworks */ = {isa = PBXBuildFile; fileRef = AFD056AC18B17EC600AF7058 /* Foundation.framework */; };
		AFD056CE18B17EC600AF7058 /* UIKit.framework in Frameworks */ = {isa = PBXBuildFile; fileRef = AFD056B018B17EC600AF7058 /* UIKit.framework */; };
		AFD056D618B17EC600AF7058 /* InfoPlist.strings in Resources */ = {isa = PBXBuildFile; fileRef = AFD056D418B17EC600AF7058 /* InfoPlist.strings */; };
		AFD056D818B17EC600AF7058 /* UITableViewController_Challenge_SolutionTests.m in Sources */ = {isa = PBXBuildFile; fileRef = AFD056D718B17EC600AF7058 /* UITableViewController_Challenge_SolutionTests.m */; };
/* End PBXBuildFile section */

/* Begin PBXContainerItemProxy section */
		AFD056CF18B17EC600AF7058 /* PBXContainerItemProxy */ = {
			isa = PBXContainerItemProxy;
			containerPortal = AFD056A118B17EC600AF7058 /* Project object */;
			proxyType = 1;
			remoteGlobalIDString = AFD056A818B17EC600AF7058;
			remoteInfo = "UITableViewController Challenge Solution";
		};
/* End PBXContainerItemProxy section */

/* Begin PBXFileReference section */
		AFD056A918B17EC600AF7058 /* UITableViewController Challenge Solution.app */ = {isa = PBXFileReference; explicitFileType = wrapper.application; includeInIndex = 0; path = "UITableViewController Challenge Solution.app"; sourceTree = BUILT_PRODUCTS_DIR; };
		AFD056AC18B17EC600AF7058 /* Foundation.framework */ = {isa = PBXFileReference; lastKnownFileType = wrapper.framework; name = Foundation.framework; path = System/Library/Frameworks/Foundation.framework; sourceTree = SDKROOT; };
		AFD056AE18B17EC600AF7058 /* CoreGraphics.framework */ = {isa = PBXFileReference; lastKnownFileType = wrapper.framework; name = CoreGraphics.framework; path = System/Library/Frameworks/CoreGraphics.framework; sourceTree = SDKROOT; };
		AFD056B018B17EC600AF7058 /* UIKit.framework */ = {isa = PBXFileReference; lastKnownFileType = wrapper.framework; name = UIKit.framework; path = System/Library/Frameworks/UIKit.framework; sourceTree = SDKROOT; };
		AFD056B418B17EC600AF7058 /* UITableViewController Challenge Solution-Info.plist */ = {isa = PBXFileReference; lastKnownFileType = text.plist.xml; path = "UITableViewController Challenge Solution-Info.plist"; sourceTree = "<group>"; };
		AFD056B618B17EC600AF7058 /* en */ = {isa = PBXFileReference; lastKnownFileType = text.plist.strings; name = en; path = en.lproj/InfoPlist.strings; sourceTree = "<group>"; };
		AFD056B818B17EC600AF7058 /* main.m */ = {isa = PBXFileReference; lastKnownFileType = sourcecode.c.objc; path = main.m; sourceTree = "<group>"; };
		AFD056BA18B17EC600AF7058 /* UITableViewController Challenge Solution-Prefix.pch */ = {isa = PBXFileReference; lastKnownFileType = sourcecode.c.h; path = "UITableViewController Challenge Solution-Prefix.pch"; sourceTree = "<group>"; };
		AFD056BB18B17EC600AF7058 /* LAHAppDelegate.h */ = {isa = PBXFileReference; lastKnownFileType = sourcecode.c.h; path = LAHAppDelegate.h; sourceTree = "<group>"; };
		AFD056BC18B17EC600AF7058 /* LAHAppDelegate.m */ = {isa = PBXFileReference; lastKnownFileType = sourcecode.c.objc; path = LAHAppDelegate.m; sourceTree = "<group>"; };
		AFD056BF18B17EC600AF7058 /* Base */ = {isa = PBXFileReference; lastKnownFileType = file.storyboard; name = Base; path = Base.lproj/Main.storyboard; sourceTree = "<group>"; };
		AFD056C118B17EC600AF7058 /* LAHViewController.h */ = {isa = PBXFileReference; lastKnownFileType = sourcecode.c.h; path = LAHViewController.h; sourceTree = "<group>"; };
		AFD056C218B17EC600AF7058 /* LAHViewController.m */ = {isa = PBXFileReference; lastKnownFileType = sourcecode.c.objc; path = LAHViewController.m; sourceTree = "<group>"; };
		AFD056C418B17EC600AF7058 /* Images.xcassets */ = {isa = PBXFileReference; lastKnownFileType = folder.assetcatalog; path = Images.xcassets; sourceTree = "<group>"; };
		AFD056CA18B17EC600AF7058 /* UITableViewController Challenge SolutionTests.xctest */ = {isa = PBXFileReference; explicitFileType = wrapper.cfbundle; includeInIndex = 0; path = "UITableViewController Challenge SolutionTests.xctest"; sourceTree = BUILT_PRODUCTS_DIR; };
		AFD056CB18B17EC600AF7058 /* XCTest.framework */ = {isa = PBXFileReference; lastKnownFileType = wrapper.framework; name = XCTest.framework; path = Library/Frameworks/XCTest.framework; sourceTree = DEVELOPER_DIR; };
		AFD056D318B17EC600AF7058 /* UITableViewController Challenge SolutionTests-Info.plist */ = {isa = PBXFileReference; lastKnownFileType = text.plist.xml; path = "UITableViewController Challenge SolutionTests-Info.plist"; sourceTree = "<group>"; };
		AFD056D518B17EC600AF7058 /* en */ = {isa = PBXFileReference; lastKnownFileType = text.plist.strings; name = en; path = en.lproj/InfoPlist.strings; sourceTree = "<group>"; };
		AFD056D718B17EC600AF7058 /* UITableViewController_Challenge_SolutionTests.m */ = {isa = PBXFileReference; lastKnownFileType = sourcecode.c.objc; path = UITableViewController_Challenge_SolutionTests.m; sourceTree = "<group>"; };
/* End PBXFileReference section */

/* Begin PBXFrameworksBuildPhase section */
		AFD056A618B17EC600AF7058 /* Frameworks */ = {
			isa = PBXFrameworksBuildPhase;
			buildActionMask = 2147483647;
			files = (
				AFD056AF18B17EC600AF7058 /* CoreGraphics.framework in Frameworks */,
				AFD056B118B17EC600AF7058 /* UIKit.framework in Frameworks */,
				AFD056AD18B17EC600AF7058 /* Foundation.framework in Frameworks */,
			);
			runOnlyForDeploymentPostprocessing = 0;
		};
		AFD056C718B17EC600AF7058 /* Frameworks */ = {
			isa = PBXFrameworksBuildPhase;
			buildActionMask = 2147483647;
			files = (
				AFD056CC18B17EC600AF7058 /* XCTest.framework in Frameworks */,
				AFD056CE18B17EC600AF7058 /* UIKit.framework in Frameworks */,
				AFD056CD18B17EC600AF7058 /* Foundation.framework in Frameworks */,
			);
			runOnlyForDeploymentPostprocessing = 0;
		};
/* End PBXFrameworksBuildPhase section */

/* Begin PBXGroup section */
		AFD056A018B17EC600AF7058 = {
			isa = PBXGroup;
			children = (
				AFD056B218B17EC600AF7058 /* UITableViewController Challenge Solution */,
				AFD056D118B17EC600AF7058 /* UITableViewController Challenge SolutionTests */,
				AFD056AB18B17EC600AF7058 /* Frameworks */,
				AFD056AA18B17EC600AF7058 /* Products */,
			);
			sourceTree = "<group>";
		};
		AFD056AA18B17EC600AF7058 /* Products */ = {
			isa = PBXGroup;
			children = (
				AFD056A918B17EC600AF7058 /* UITableViewController Challenge Solution.app */,
				AFD056CA18B17EC600AF7058 /* UITableViewController Challenge SolutionTests.xctest */,
			);
			name = Products;
			sourceTree = "<group>";
		};
		AFD056AB18B17EC600AF7058 /* Frameworks */ = {
			isa = PBXGroup;
			children = (
				AFD056AC18B17EC600AF7058 /* Foundation.framework */,
				AFD056AE18B17EC600AF7058 /* CoreGraphics.framework */,
				AFD056B018B17EC600AF7058 /* UIKit.framework */,
				AFD056CB18B17EC600AF7058 /* XCTest.framework */,
			);
			name = Frameworks;
			sourceTree = "<group>";
		};
		AFD056B218B17EC600AF7058 /* UITableViewController Challenge Solution */ = {
			isa = PBXGroup;
			children = (
				AFD056BB18B17EC600AF7058 /* LAHAppDelegate.h */,
				AFD056BC18B17EC600AF7058 /* LAHAppDelegate.m */,
				AFD056BE18B17EC600AF7058 /* Main.storyboard */,
				AFD056C118B17EC600AF7058 /* LAHViewController.h */,
				AFD056C218B17EC600AF7058 /* LAHViewController.m */,
				AFD056C418B17EC600AF7058 /* Images.xcassets */,
				AFD056B318B17EC600AF7058 /* Supporting Files */,
			);
			path = "UITableViewController Challenge Solution";
			sourceTree = "<group>";
		};
		AFD056B318B17EC600AF7058 /* Supporting Files */ = {
			isa = PBXGroup;
			children = (
				AFD056B418B17EC600AF7058 /* UITableViewController Challenge Solution-Info.plist */,
				AFD056B518B17EC600AF7058 /* InfoPlist.strings */,
				AFD056B818B17EC600AF7058 /* main.m */,
				AFD056BA18B17EC600AF7058 /* UITableViewController Challenge Solution-Prefix.pch */,
			);
			name = "Supporting Files";
			sourceTree = "<group>";
		};
		AFD056D118B17EC600AF7058 /* UITableViewController Challenge SolutionTests */ = {
			isa = PBXGroup;
			children = (
				AFD056D718B17EC600AF7058 /* UITableViewController_Challenge_SolutionTests.m */,
				AFD056D218B17EC600AF7058 /* Supporting Files */,
			);
			path = "UITableViewController Challenge SolutionTests";
			sourceTree = "<group>";
		};
		AFD056D218B17EC600AF7058 /* Supporting Files */ = {
			isa = PBXGroup;
			children = (
				AFD056D318B17EC600AF7058 /* UITableViewController Challenge SolutionTests-Info.plist */,
				AFD056D418B17EC600AF7058 /* InfoPlist.strings */,
			);
			name = "Supporting Files";
			sourceTree = "<group>";
		};
/* End PBXGroup section */

/* Begin PBXNativeTarget section */
		AFD056A818B17EC600AF7058 /* UITableViewController Challenge Solution */ = {
			isa = PBXNativeTarget;
			buildConfigurationList = AFD056DB18B17EC600AF7058 /* Build configuration list for PBXNativeTarget "UITableViewController Challenge Solution" */;
			buildPhases = (
				AFD056A518B17EC600AF7058 /* Sources */,
				AFD056A618B17EC600AF7058 /* Frameworks */,
				AFD056A718B17EC600AF7058 /* Resources */,
			);
			buildRules = (
			);
			dependencies = (
			);
			name = "UITableViewController Challenge Solution";
			productName = "UITableViewController Challenge Solution";
			productReference = AFD056A918B17EC600AF7058 /* UITableViewController Challenge Solution.app */;
			productType = "com.apple.product-type.application";
		};
		AFD056C918B17EC600AF7058 /* UITableViewController Challenge SolutionTests */ = {
			isa = PBXNativeTarget;
			buildConfigurationList = AFD056DE18B17EC600AF7058 /* Build configuration list for PBXNativeTarget "UITableViewController Challenge SolutionTests" */;
			buildPhases = (
				AFD056C618B17EC600AF7058 /* Sources */,
				AFD056C718B17EC600AF7058 /* Frameworks */,
				AFD056C818B17EC600AF7058 /* Resources */,
			);
			buildRules = (
			);
			dependencies = (
				AFD056D018B17EC600AF7058 /* PBXTargetDependency */,
			);
			name = "UITableViewController Challenge SolutionTests";
			productName = "UITableViewController Challenge SolutionTests";
			productReference = AFD056CA18B17EC600AF7058 /* UITableViewController Challenge SolutionTests.xctest */;
			productType = "com.apple.product-type.bundle.unit-test";
		};
/* End PBXNativeTarget section */

/* Begin PBXProject section */
		AFD056A118B17EC600AF7058 /* Project object */ = {
			isa = PBXProject;
			attributes = {
				CLASSPREFIX = LAH;
				LastUpgradeCheck = 0500;
				ORGANIZATIONNAME = "Louise Hathaway";
				TargetAttributes = {
					AFD056C918B17EC600AF7058 = {
						TestTargetID = AFD056A818B17EC600AF7058;
					};
				};
			};
			buildConfigurationList = AFD056A418B17EC600AF7058 /* Build configuration list for PBXProject "UITableViewController Challenge Solution" */;
			compatibilityVersion = "Xcode 3.2";
			developmentRegion = English;
			hasScannedForEncodings = 0;
			knownRegions = (
				en,
				Base,
			);
			mainGroup = AFD056A018B17EC600AF7058;
			productRefGroup = AFD056AA18B17EC600AF7058 /* Products */;
			projectDirPath = "";
			projectRoot = "";
			targets = (
				AFD056A818B17EC600AF7058 /* UITableViewController Challenge Solution */,
				AFD056C918B17EC600AF7058 /* UITableViewController Challenge SolutionTests */,
			);
		};
/* End PBXProject section */

/* Begin PBXResourcesBuildPhase section */
		AFD056A718B17EC600AF7058 /* Resources */ = {
			isa = PBXResourcesBuildPhase;
			buildActionMask = 2147483647;
			files = (
				AFD056C518B17EC600AF7058 /* Images.xcassets in Resources */,
				AFD056B718B17EC600AF7058 /* InfoPlist.strings in Resources */,
				AFD056C018B17EC600AF7058 /* Main.storyboard in Resources */,
			);
			runOnlyForDeploymentPostprocessing = 0;
		};
		AFD056C818B17EC600AF7058 /* Resources */ = {
			isa = PBXResourcesBuildPhase;
			buildActionMask = 2147483647;
			files = (
				AFD056D618B17EC600AF7058 /* InfoPlist.strings in Resources */,
			);
			runOnlyForDeploymentPostprocessing = 0;
		};
/* End PBXResourcesBuildPhase section */

/* Begin PBXSourcesBuildPhase section */
		AFD056A518B17EC600AF7058 /* Sources */ = {
			isa = PBXSourcesBuildPhase;
			buildActionMask = 2147483647;
			files = (
				AFD056BD18B17EC600AF7058 /* LAHAppDelegate.m in Sources */,
				AFD056B918B17EC600AF7058 /* main.m in Sources */,
				AFD056C318B17EC600AF7058 /* LAHViewController.m in Sources */,
			);
			runOnlyForDeploymentPostprocessing = 0;
		};
		AFD056C618B17EC600AF7058 /* Sources */ = {
			isa = PBXSourcesBuildPhase;
			buildActionMask = 2147483647;
			files = (
				AFD056D818B17EC600AF7058 /* UITableViewController_Challenge_SolutionTests.m in Sources */,
			);
			runOnlyForDeploymentPostprocessing = 0;
		};
/* End PBXSourcesBuildPhase section */

/* Begin PBXTargetDependency section */
		AFD056D018B17EC600AF7058 /* PBXTargetDependency */ = {
			isa = PBXTargetDependency;
			target = AFD056A818B17EC600AF7058 /* UITableViewController Challenge Solution */;
			targetProxy = AFD056CF18B17EC600AF7058 /* PBXContainerItemProxy */;
		};
/* End PBXTargetDependency section */

/* Begin PBXVariantGroup section */
		AFD056B518B17EC600AF7058 /* InfoPlist.strings */ = {
			isa = PBXVariantGroup;
			children = (
				AFD056B618B17EC600AF7058 /* en */,
			);
			name = InfoPlist.strings;
			sourceTree = "<group>";
		};
		AFD056BE18B17EC600AF7058 /* Main.storyboard */ = {
			isa = PBXVariantGroup;
			children = (
				AFD056BF18B17EC600AF7058 /* Base */,
			);
			name = Main.storyboard;
			sourceTree = "<group>";
		};
		AFD056D418B17EC600AF7058 /* InfoPlist.strings */ = {
			isa = PBXVariantGroup;
			children = (
				AFD056D518B17EC600AF7058 /* en */,
			);
			name = InfoPlist.strings;
			sourceTree = "<group>";
		};
/* End PBXVariantGroup section */

/* Begin XCBuildConfiguration section */
		AFD056D918B17EC600AF7058 /* Debug */ = {
			isa = XCBuildConfiguration;
			buildSettings = {
				ALWAYS_SEARCH_USER_PATHS = NO;
				ARCHS = "$(ARCHS_STANDARD_INCLUDING_64_BIT)";
				CLANG_CXX_LANGUAGE_STANDARD = "gnu++0x";
				CLANG_CXX_LIBRARY = "libc++";
				CLANG_ENABLE_MODULES = YES;
				CLANG_ENABLE_OBJC_ARC = YES;
				CLANG_WARN_BOOL_CONVERSION = YES;
				CLANG_WARN_CONSTANT_CONVERSION = YES;
				CLANG_WARN_DIRECT_OBJC_ISA_USAGE = YES_ERROR;
				CLANG_WARN_EMPTY_BODY = YES;
				CLANG_WARN_ENUM_CONVERSION = YES;
				CLANG_WARN_INT_CONVERSION = YES;
				CLANG_WARN_OBJC_ROOT_CLASS = YES_ERROR;
				CLANG_WARN__DUPLICATE_METHOD_MATCH = YES;
				"CODE_SIGN_IDENTITY[sdk=iphoneos*]" = "iPhone Developer";
				COPY_PHASE_STRIP = NO;
				GCC_C_LANGUAGE_STANDARD = gnu99;
				GCC_DYNAMIC_NO_PIC = NO;
				GCC_OPTIMIZATION_LEVEL = 0;
				GCC_PREPROCESSOR_DEFINITIONS = (
					"DEBUG=1",
					"$(inherited)",
				);
				GCC_SYMBOLS_PRIVATE_EXTERN = NO;
				GCC_WARN_64_TO_32_BIT_CONVERSION = YES;
				GCC_WARN_ABOUT_RETURN_TYPE = YES_ERROR;
				GCC_WARN_UNDECLARED_SELECTOR = YES;
				GCC_WARN_UNINITIALIZED_AUTOS = YES;
				GCC_WARN_UNUSED_FUNCTION = YES;
				GCC_WARN_UNUSED_VARIABLE = YES;
				IPHONEOS_DEPLOYMENT_TARGET = 7.0;
				ONLY_ACTIVE_ARCH = YES;
				SDKROOT = iphoneos;
			};
			name = Debug;
		};
		AFD056DA18B17EC600AF7058 /* Release */ = {
			isa = XCBuildConfiguration;
			buildSettings = {
				ALWAYS_SEARCH_USER_PATHS = NO;
				ARCHS = "$(ARCHS_STANDARD_INCLUDING_64_BIT)";
				CLANG_CXX_LANGUAGE_STANDARD = "gnu++0x";
				CLANG_CXX_LIBRARY = "libc++";
				CLANG_ENABLE_MODULES = YES;
				CLANG_ENABLE_OBJC_ARC = YES;
				CLANG_WARN_BOOL_CONVERSION = YES;
				CLANG_WARN_CONSTANT_CONVERSION = YES;
				CLANG_WARN_DIRECT_OBJC_ISA_USAGE = YES_ERROR;
				CLANG_WARN_EMPTY_BODY = YES;
				CLANG_WARN_ENUM_CONVERSION = YES;
				CLANG_WARN_INT_CONVERSION = YES;
				CLANG_WARN_OBJC_ROOT_CLASS = YES_ERROR;
				CLANG_WARN__DUPLICATE_METHOD_MATCH = YES;
				"CODE_SIGN_IDENTITY[sdk=iphoneos*]" = "iPhone Developer";
				COPY_PHASE_STRIP = YES;
				ENABLE_NS_ASSERTIONS = NO;
				GCC_C_LANGUAGE_STANDARD = gnu99;
				GCC_WARN_64_TO_32_BIT_CONVERSION = YES;
				GCC_WARN_ABOUT_RETURN_TYPE = YES_ERROR;
				GCC_WARN_UNDECLARED_SELECTOR = YES;
				GCC_WARN_UNINITIALIZED_AUTOS = YES;
				GCC_WARN_UNUSED_FUNCTION = YES;
				GCC_WARN_UNUSED_VARIABLE = YES;
				IPHONEOS_DEPLOYMENT_TARGET = 7.0;
				SDKROOT = iphoneos;
				VALIDATE_PRODUCT = YES;
			};
			name = Release;
		};
		AFD056DC18B17EC600AF7058 /* Debug */ = {
			isa = XCBuildConfiguration;
			buildSettings = {
				ASSETCATALOG_COMPILER_APPICON_NAME = AppIcon;
				ASSETCATALOG_COMPILER_LAUNCHIMAGE_NAME = LaunchImage;
				GCC_PRECOMPILE_PREFIX_HEADER = YES;
				GCC_PREFIX_HEADER = "UITableViewController Challenge Solution/UITableViewController Challenge Solution-Prefix.pch";
				INFOPLIST_FILE = "UITableViewController Challenge Solution/UITableViewController Challenge Solution-Info.plist";
				PRODUCT_NAME = "$(TARGET_NAME)";
				WRAPPER_EXTENSION = app;
			};
			name = Debug;
		};
		AFD056DD18B17EC600AF7058 /* Release */ = {
			isa = XCBuildConfiguration;
			buildSettings = {
				ASSETCATALOG_COMPILER_APPICON_NAME = AppIcon;
				ASSETCATALOG_COMPILER_LAUNCHIMAGE_NAME = LaunchImage;
				GCC_PRECOMPILE_PREFIX_HEADER = YES;
				GCC_PREFIX_HEADER = "UITableViewController Challenge Solution/UITableViewController Challenge Solution-Prefix.pch";
				INFOPLIST_FILE = "UITableViewController Challenge Solution/UITableViewController Challenge Solution-Info.plist";
				PRODUCT_NAME = "$(TARGET_NAME)";
				WRAPPER_EXTENSION = app;
			};
			name = Release;
		};
		AFD056DF18B17EC600AF7058 /* Debug */ = {
			isa = XCBuildConfiguration;
			buildSettings = {
				ARCHS = "$(ARCHS_STANDARD_INCLUDING_64_BIT)";
				BUNDLE_LOADER = "$(BUILT_PRODUCTS_DIR)/UITableViewController Challenge Solution.app/UITableViewController Challenge Solution";
				FRAMEWORK_SEARCH_PATHS = (
					"$(SDKROOT)/Developer/Library/Frameworks",
					"$(inherited)",
					"$(DEVELOPER_FRAMEWORKS_DIR)",
				);
				GCC_PRECOMPILE_PREFIX_HEADER = YES;
				GCC_PREFIX_HEADER = "UITableViewController Challenge Solution/UITableViewController Challenge Solution-Prefix.pch";
				GCC_PREPROCESSOR_DEFINITIONS = (
					"DEBUG=1",
					"$(inherited)",
				);
				INFOPLIST_FILE = "UITableViewController Challenge SolutionTests/UITableViewController Challenge SolutionTests-Info.plist";
				PRODUCT_NAME = "$(TARGET_NAME)";
				TEST_HOST = "$(BUNDLE_LOADER)";
				WRAPPER_EXTENSION = xctest;
			};
			name = Debug;
		};
		AFD056E018B17EC600AF7058 /* Release */ = {
			isa = XCBuildConfiguration;
			buildSettings = {
				ARCHS = "$(ARCHS_STANDARD_INCLUDING_64_BIT)";
				BUNDLE_LOADER = "$(BUILT_PRODUCTS_DIR)/UITableViewController Challenge Solution.app/UITableViewController Challenge Solution";
				FRAMEWORK_SEARCH_PATHS = (
					"$(SDKROOT)/Developer/Library/Frameworks",
					"$(inherited)",
					"$(DEVELOPER_FRAMEWORKS_DIR)",
				);
				GCC_PRECOMPILE_PREFIX_HEADER = YES;
				GCC_PREFIX_HEADER = "UITableViewController Challenge Solution/UITableViewController Challenge Solution-Prefix.pch";
				INFOPLIST_FILE = "UITableViewController Challenge SolutionTests/UITableViewController Challenge SolutionTests-Info.plist";
				PRODUCT_NAME = "$(TARGET_NAME)";
				TEST_HOST = "$(BUNDLE_LOADER)";
				WRAPPER_EXTENSION = xctest;
			};
			name = Release;
		};
/* End XCBuildConfiguration section */

/* Begin XCConfigurationList section */
		AFD056A418B17EC600AF7058 /* Build configuration list for PBXProject "UITableViewController Challenge Solution" */ = {
			isa = XCConfigurationList;
			buildConfigurations = (
				AFD056D918B17EC600AF7058 /* Debug */,
				AFD056DA18B17EC600AF7058 /* Release */,
			);
			defaultConfigurationIsVisible = 0;
			defaultConfigurationName = Release;
		};
		AFD056DB18B17EC600AF7058 /* Build configuration list for PBXNativeTarget "UITableViewController Challenge Solution" */ = {
			isa = XCConfigurationList;
			buildConfigurations = (
				AFD056DC18B17EC600AF7058 /* Debug */,
				AFD056DD18B17EC600AF7058 /* Release */,
			);
			defaultConfigurationIsVisible = 0;
		};
		AFD056DE18B17EC600AF7058 /* Build configuration list for PBXNativeTarget "UITableViewController Challenge SolutionTests" */ = {
			isa = XCConfigurationList;
			buildConfigurations = (
				AFD056DF18B17EC600AF7058 /* Debug */,
				AFD056E018B17EC600AF7058 /* Release */,
			);
			defaultConfigurationIsVisible = 0;
		};
/* End XCConfigurationList section */
	};
	rootObject = AFD056A118B17EC600AF7058 /* Project object */;
}
